{
	"name": "your-package-name",
	"version": "0.1.0",
	"lockfileVersion": 2,
	"requires": true,
	"packages": {
		"": {
			"name": "your-package-name",
			"version": "0.1.0",
			"license": "GPL-2.0-or-later",
			"dependencies": {
				"modern-normalize": "^1.1.0"
			},
			"devDependencies": {}
		},
		"node_modules/modern-normalize": {
			"version": "1.1.0",
			"resolved": "https://registry.npmjs.org/modern-normalize/-/modern-normalize-1.1.0.tgz",
			"integrity": "sha512-2lMlY1Yc1+CUy0gw4H95uNN7vjbpoED7NNRSBHE25nWfLBdmMzFCsPshlzbxHz+gYMcBEUN8V4pU16prcdPSgA==",
			"engines": {
				"node": ">=6"
			},
			"funding": {
				"url": "https://github.com/sponsors/sindresorhus"
			}
		}
	},
	"dependencies": {
		"modern-normalize": {
			"version": "1.1.0",
			"resolved": "https://registry.npmjs.org/modern-normalize/-/modern-normalize-1.1.0.tgz",
			"integrity": "sha512-2lMlY1Yc1+CUy0gw4H95uNN7vjbpoED7NNRSBHE25nWfLBdmMzFCsPshlzbxHz+gYMcBEUN8V4pU16prcdPSgA=="
		}
	}
}
